
Microsoft Visual Studio Solution File, Format Version 12.00
# Visual Studio Version 17
VisualStudioVersion = 17.0.31903.59
MinimumVisualStudioVersion = 10.0.40219.1
Project("{FAE04EC0-301F-11D3-BF4B-00C04F79EFBC}") = "NLayerApp.Core", "NLayerApp.Core\NLayerApp.Core.csproj", "{428EB830-D67A-4237-AAF2-E175E721ECFA}"
EndProject
Project("{FAE04EC0-301F-11D3-BF4B-00C04F79EFBC}") = "NLayerApp.Application", "NLayerApp.Application\NLayerApp.Application.csproj", "{1596BCB9-6B60-4AE4-8856-E083073A7434}"
EndProject
Project("{FAE04EC0-301F-11D3-BF4B-00C04F79EFBC}") = "NLayerApp.Infrastructure", "NLayerApp.Infrastructure\NLayerApp.Infrastructure.csproj", "{B86FBEA2-1292-4215-8F01-07468273BD84}"
EndProject
Project("{FAE04EC0-301F-11D3-BF4B-00C04F79EFBC}") = "NLayerApp.API", "NLayerApp.API\NLayerApp.API.csproj", "{987E865B-F377-481F-8D3F-61913EC13A42}"
EndProject
Global
	GlobalSection(SolutionConfigurationPlatforms) = preSolution
		Debug|Any CPU = Debug|Any CPU
		Release|Any CPU = Release|Any CPU
	EndGlobalSection
	GlobalSection(SolutionProperties) = preSolution
		HideSolutionNode = FALSE
	EndGlobalSection
	GlobalSection(ProjectConfigurationPlatforms) = postSolution
		{428EB830-D67A-4237-AAF2-E175E721ECFA}.Debug|Any CPU.ActiveCfg = Debug|Any CPU
		{428EB830-D67A-4237-AAF2-E175E721ECFA}.Debug|Any CPU.Build.0 = Debug|Any CPU
		{428EB830-D67A-4237-AAF2-E175E721ECFA}.Release|Any CPU.ActiveCfg = Release|Any CPU
		{428EB830-D67A-4237-AAF2-E175E721ECFA}.Release|Any CPU.Build.0 = Release|Any CPU
		{1596BCB9-6B60-4AE4-8856-E083073A7434}.Debug|Any CPU.ActiveCfg = Debug|Any CPU
		{1596BCB9-6B60-4AE4-8856-E083073A7434}.Debug|Any CPU.Build.0 = Debug|Any CPU
		{1596BCB9-6B60-4AE4-8856-E083073A7434}.Release|Any CPU.ActiveCfg = Release|Any CPU
		{1596BCB9-6B60-4AE4-8856-E083073A7434}.Release|Any CPU.Build.0 = Release|Any CPU
		{B86FBEA2-1292-4215-8F01-07468273BD84}.Debug|Any CPU.ActiveCfg = Debug|Any CPU
		{B86FBEA2-1292-4215-8F01-07468273BD84}.Debug|Any CPU.Build.0 = Debug|Any CPU
		{B86FBEA2-1292-4215-8F01-07468273BD84}.Release|Any CPU.ActiveCfg = Release|Any CPU
		{B86FBEA2-1292-4215-8F01-07468273BD84}.Release|Any CPU.Build.0 = Release|Any CPU
		{987E865B-F377-481F-8D3F-61913EC13A42}.Debug|Any CPU.ActiveCfg = Debug|Any CPU
		{987E865B-F377-481F-8D3F-61913EC13A42}.Debug|Any CPU.Build.0 = Debug|Any CPU
		{987E865B-F377-481F-8D3F-61913EC13A42}.Release|Any CPU.ActiveCfg = Release|Any CPU
		{987E865B-F377-481F-8D3F-61913EC13A42}.Release|Any CPU.Build.0 = Release|Any CPU
	EndGlobalSection
EndGlobal
